// !$*UTF8*$!
{
	archiveVersion = 1;
	classes = {
	};
	objectVersion = 50;
	objects = {

/* Begin PBXBuildFile section */
		1A3F0C6724B5258900922950 /* main.cpp in Sources */ = {isa = PBXBuildFile; fileRef = 1A3F0C6624B5258900922950 /* main.cpp */; };
		1A3F0C7224B530C700922950 /* main.cpp in Sources */ = {isa = PBXBuildFile; fileRef = 1A3F0C7124B530C700922950 /* main.cpp */; };
		1A3F0C8924B580B300922950 /* main.cpp in Sources */ = {isa = PBXBuildFile; fileRef = 1A3F0C8824B580B300922950 /* main.cpp */; };
		1A3F0C9424B580C300922950 /* main.cpp in Sources */ = {isa = PBXBuildFile; fileRef = 1A3F0C9324B580C300922950 /* main.cpp */; };
		1A596CAA24B51EDB0034F99E /* main.cpp in Sources */ = {isa = PBXBuildFile; fileRef = 1A596CA924B51EDB0034F99E /* main.cpp */; };
		1A7BD8E524B5028500270598 /* main.cpp in Sources */ = {isa = PBXBuildFile; fileRef = 1A7BD8E424B5028500270598 /* main.cpp */; };
		1A97AED824B62F5200A8E6E8 /* main.cpp in Sources */ = {isa = PBXBuildFile; fileRef = 1A97AED724B62F5200A8E6E8 /* main.cpp */; };
		1A97AF0424B64B4A00A8E6E8 /* main.cpp in Sources */ = {isa = PBXBuildFile; fileRef = 1A97AF0324B64B4A00A8E6E8 /* main.cpp */; };
		1A97AF1024B65CBB00A8E6E8 /* main.cpp in Sources */ = {isa = PBXBuildFile; fileRef = 1A97AF0F24B65CBB00A8E6E8 /* main.cpp */; };
		1AA1762824B583440059530A /* main.cpp in Sources */ = {isa = PBXBuildFile; fileRef = 1AA1762724B583440059530A /* main.cpp */; };
		1AA1763424B58B3F0059530A /* main.cpp in Sources */ = {isa = PBXBuildFile; fileRef = 1AA1763324B58B3F0059530A /* main.cpp */; };
		1AB1A8B424B4CF8500FD99A8 /* main.cpp in Sources */ = {isa = PBXBuildFile; fileRef = 1AB1A8B324B4CF8500FD99A8 /* main.cpp */; };
		1AB1A8BF24B4D27900FD99A8 /* main.cpp in Sources */ = {isa = PBXBuildFile; fileRef = 1AB1A8BE24B4D27900FD99A8 /* main.cpp */; };
		1AB1A8CA24B4E4C900FD99A8 /* main.cpp in Sources */ = {isa = PBXBuildFile; fileRef = 1AB1A8C924B4E4C900FD99A8 /* main.cpp */; };
/* End PBXBuildFile section */

/* Begin PBXCopyFilesBuildPhase section */
		1A3F0C6224B5258900922950 /* CopyFiles */ = {
			isa = PBXCopyFilesBuildPhase;
			buildActionMask = 2147483647;
			dstPath = /usr/share/man/man1/;
			dstSubfolderSpec = 0;
			files = (
			);
			runOnlyForDeploymentPostprocessing = 1;
		};
		1A3F0C6D24B530C700922950 /* CopyFiles */ = {
			isa = PBXCopyFilesBuildPhase;
			buildActionMask = 2147483647;
			dstPath = /usr/share/man/man1/;
			dstSubfolderSpec = 0;
			files = (
			);
			runOnlyForDeploymentPostprocessing = 1;
		};
		1A3F0C8424B580B300922950 /* CopyFiles */ = {
			isa = PBXCopyFilesBuildPhase;
			buildActionMask = 2147483647;
			dstPath = /usr/share/man/man1/;
			dstSubfolderSpec = 0;
			files = (
			);
			runOnlyForDeploymentPostprocessing = 1;
		};
		1A3F0C8F24B580C300922950 /* CopyFiles */ = {
			isa = PBXCopyFilesBuildPhase;
			buildActionMask = 2147483647;
			dstPath = /usr/share/man/man1/;
			dstSubfolderSpec = 0;
			files = (
			);
			runOnlyForDeploymentPostprocessing = 1;
		};
		1A596CA524B51EDB0034F99E /* CopyFiles */ = {
			isa = PBXCopyFilesBuildPhase;
			buildActionMask = 2147483647;
			dstPath = /usr/share/man/man1/;
			dstSubfolderSpec = 0;
			files = (
			);
			runOnlyForDeploymentPostprocessing = 1;
		};
		1A7BD8E024B5028500270598 /* CopyFiles */ = {
			isa = PBXCopyFilesBuildPhase;
			buildActionMask = 2147483647;
			dstPath = /usr/share/man/man1/;
			dstSubfolderSpec = 0;
			files = (
			);
			runOnlyForDeploymentPostprocessing = 1;
		};
		1A97AED324B62F5200A8E6E8 /* CopyFiles */ = {
			isa = PBXCopyFilesBuildPhase;
			buildActionMask = 2147483647;
			dstPath = /usr/share/man/man1/;
			dstSubfolderSpec = 0;
			files = (
			);
			runOnlyForDeploymentPostprocessing = 1;
		};
		1A97AEFF24B64B4A00A8E6E8 /* CopyFiles */ = {
			isa = PBXCopyFilesBuildPhase;
			buildActionMask = 2147483647;
			dstPath = /usr/share/man/man1/;
			dstSubfolderSpec = 0;
			files = (
			);
			runOnlyForDeploymentPostprocessing = 1;
		};
		1A97AF0B24B65CBB00A8E6E8 /* CopyFiles */ = {
			isa = PBXCopyFilesBuildPhase;
			buildActionMask = 2147483647;
			dstPath = /usr/share/man/man1/;
			dstSubfolderSpec = 0;
			files = (
			);
			runOnlyForDeploymentPostprocessing = 1;
		};
		1AA1762324B583440059530A /* CopyFiles */ = {
			isa = PBXCopyFilesBuildPhase;
			buildActionMask = 2147483647;
			dstPath = /usr/share/man/man1/;
			dstSubfolderSpec = 0;
			files = (
			);
			runOnlyForDeploymentPostprocessing = 1;
		};
		1AA1762F24B58B3F0059530A /* CopyFiles */ = {
			isa = PBXCopyFilesBuildPhase;
			buildActionMask = 2147483647;
			dstPath = /usr/share/man/man1/;
			dstSubfolderSpec = 0;
			files = (
			);
			runOnlyForDeploymentPostprocessing = 1;
		};
		1AB1A8AF24B4CF8500FD99A8 /* CopyFiles */ = {
			isa = PBXCopyFilesBuildPhase;
			buildActionMask = 2147483647;
			dstPath = /usr/share/man/man1/;
			dstSubfolderSpec = 0;
			files = (
			);
			runOnlyForDeploymentPostprocessing = 1;
		};
		1AB1A8BA24B4D27900FD99A8 /* CopyFiles */ = {
			isa = PBXCopyFilesBuildPhase;
			buildActionMask = 2147483647;
			dstPath = usr/share/man/man1;
			dstSubfolderSpec = 16;
			files = (
			);
			runOnlyForDeploymentPostprocessing = 1;
		};
		1AB1A8C524B4E4C900FD99A8 /* CopyFiles */ = {
			isa = PBXCopyFilesBuildPhase;
			buildActionMask = 2147483647;
			dstPath = usr/share/man/man1;
			dstSubfolderSpec = 16;
			files = (
			);
			runOnlyForDeploymentPostprocessing = 1;
		};
/* End PBXCopyFilesBuildPhase section */

/* Begin PBXFileReference section */
		1A3F0C6424B5258900922950 /* problem16 */ = {isa = PBXFileReference; explicitFileType = "compiled.mach-o.executable"; includeInIndex = 0; path = problem16; sourceTree = BUILT_PRODUCTS_DIR; };
		1A3F0C6624B5258900922950 /* main.cpp */ = {isa = PBXFileReference; lastKnownFileType = sourcecode.cpp.cpp; path = main.cpp; sourceTree = "<group>"; };
		1A3F0C6F24B530C700922950 /* problem17 */ = {isa = PBXFileReference; explicitFileType = "compiled.mach-o.executable"; includeInIndex = 0; path = problem17; sourceTree = BUILT_PRODUCTS_DIR; };
		1A3F0C7124B530C700922950 /* main.cpp */ = {isa = PBXFileReference; lastKnownFileType = sourcecode.cpp.cpp; path = main.cpp; sourceTree = "<group>"; };
		1A3F0C8124B5698D00922950 /* input.txt */ = {isa = PBXFileReference; lastKnownFileType = text; path = input.txt; sourceTree = "<group>"; };
		1A3F0C8624B580B300922950 /* problem19 */ = {isa = PBXFileReference; explicitFileType = "compiled.mach-o.executable"; includeInIndex = 0; path = problem19; sourceTree = BUILT_PRODUCTS_DIR; };
		1A3F0C8824B580B300922950 /* main.cpp */ = {isa = PBXFileReference; lastKnownFileType = sourcecode.cpp.cpp; path = main.cpp; sourceTree = "<group>"; };
		1A3F0C9124B580C300922950 /* problem18 */ = {isa = PBXFileReference; explicitFileType = "compiled.mach-o.executable"; includeInIndex = 0; path = problem18; sourceTree = BUILT_PRODUCTS_DIR; };
		1A3F0C9324B580C300922950 /* main.cpp */ = {isa = PBXFileReference; lastKnownFileType = sourcecode.cpp.cpp; path = main.cpp; sourceTree = "<group>"; };
		1A596CA724B51EDB0034F99E /* problem15 */ = {isa = PBXFileReference; explicitFileType = "compiled.mach-o.executable"; includeInIndex = 0; path = problem15; sourceTree = BUILT_PRODUCTS_DIR; };
		1A596CA924B51EDB0034F99E /* main.cpp */ = {isa = PBXFileReference; lastKnownFileType = sourcecode.cpp.cpp; path = main.cpp; sourceTree = "<group>"; };
		1A7BD8E224B5028500270598 /* problem14 */ = {isa = PBXFileReference; explicitFileType = "compiled.mach-o.executable"; includeInIndex = 0; path = problem14; sourceTree = BUILT_PRODUCTS_DIR; };
		1A7BD8E424B5028500270598 /* main.cpp */ = {isa = PBXFileReference; lastKnownFileType = sourcecode.cpp.cpp; path = main.cpp; sourceTree = "<group>"; };
		1A97AED524B62F5200A8E6E8 /* problem21 */ = {isa = PBXFileReference; explicitFileType = "compiled.mach-o.executable"; includeInIndex = 0; path = problem21; sourceTree = BUILT_PRODUCTS_DIR; };
		1A97AED724B62F5200A8E6E8 /* main.cpp */ = {isa = PBXFileReference; lastKnownFileType = sourcecode.cpp.cpp; path = main.cpp; sourceTree = "<group>"; };
		1A97AF0124B64B4A00A8E6E8 /* problem22 */ = {isa = PBXFileReference; explicitFileType = "compiled.mach-o.executable"; includeInIndex = 0; path = problem22; sourceTree = BUILT_PRODUCTS_DIR; };
		1A97AF0324B64B4A00A8E6E8 /* main.cpp */ = {isa = PBXFileReference; lastKnownFileType = sourcecode.cpp.cpp; path = main.cpp; sourceTree = "<group>"; };
		1A97AF0824B64C1400A8E6E8 /* p022_names.txt */ = {isa = PBXFileReference; fileEncoding = 4; lastKnownFileType = text; path = p022_names.txt; sourceTree = "<group>"; };
		1A97AF0D24B65CBB00A8E6E8 /* problem23 */ = {isa = PBXFileReference; explicitFileType = "compiled.mach-o.executable"; includeInIndex = 0; path = problem23; sourceTree = BUILT_PRODUCTS_DIR; };
		1A97AF0F24B65CBB00A8E6E8 /* main.cpp */ = {isa = PBXFileReference; lastKnownFileType = sourcecode.cpp.cpp; path = main.cpp; sourceTree = "<group>"; };
		1AA1762524B583440059530A /* problem67 */ = {isa = PBXFileReference; explicitFileType = "compiled.mach-o.executable"; includeInIndex = 0; path = problem67; sourceTree = BUILT_PRODUCTS_DIR; };
		1AA1762724B583440059530A /* main.cpp */ = {isa = PBXFileReference; lastKnownFileType = sourcecode.cpp.cpp; path = main.cpp; sourceTree = "<group>"; };
		1AA1762C24B5837D0059530A /* p067_triangle.txt */ = {isa = PBXFileReference; fileEncoding = 4; lastKnownFileType = text; path = p067_triangle.txt; sourceTree = "<group>"; };
		1AA1763124B58B3F0059530A /* problem20 */ = {isa = PBXFileReference; explicitFileType = "compiled.mach-o.executable"; includeInIndex = 0; path = problem20; sourceTree = BUILT_PRODUCTS_DIR; };
		1AA1763324B58B3F0059530A /* main.cpp */ = {isa = PBXFileReference; lastKnownFileType = sourcecode.cpp.cpp; path = main.cpp; sourceTree = "<group>"; };
		1AB1A8B124B4CF8500FD99A8 /* problem11 */ = {isa = PBXFileReference; explicitFileType = "compiled.mach-o.executable"; includeInIndex = 0; path = problem11; sourceTree = BUILT_PRODUCTS_DIR; };
		1AB1A8B324B4CF8500FD99A8 /* main.cpp */ = {isa = PBXFileReference; lastKnownFileType = sourcecode.cpp.cpp; path = main.cpp; sourceTree = "<group>"; };
		1AB1A8BC24B4D27900FD99A8 /* problem12 */ = {isa = PBXFileReference; explicitFileType = "compiled.mach-o.executable"; includeInIndex = 0; path = problem12; sourceTree = BUILT_PRODUCTS_DIR; };
		1AB1A8BE24B4D27900FD99A8 /* main.cpp */ = {isa = PBXFileReference; lastKnownFileType = sourcecode.cpp.cpp; path = main.cpp; sourceTree = "<group>"; };
		1AB1A8C724B4E4C900FD99A8 /* problem13 */ = {isa = PBXFileReference; explicitFileType = "compiled.mach-o.executable"; includeInIndex = 0; path = problem13; sourceTree = BUILT_PRODUCTS_DIR; };
		1AB1A8C924B4E4C900FD99A8 /* main.cpp */ = {isa = PBXFileReference; lastKnownFileType = sourcecode.cpp.cpp; path = main.cpp; sourceTree = "<group>"; };
		1AB1A8CE24B4EA3500FD99A8 /* input.txt */ = {isa = PBXFileReference; lastKnownFileType = text; path = input.txt; sourceTree = "<group>"; };
		1ADA613B24B4F9B20002B500 /* input.txt */ = {isa = PBXFileReference; lastKnownFileType = text; path = input.txt; sourceTree = "<group>"; };
/* End PBXFileReference section */

/* Begin PBXFrameworksBuildPhase section */
		1A3F0C6124B5258900922950 /* Frameworks */ = {
			isa = PBXFrameworksBuildPhase;
			buildActionMask = 2147483647;
			files = (
			);
			runOnlyForDeploymentPostprocessing = 0;
		};
		1A3F0C6C24B530C700922950 /* Frameworks */ = {
			isa = PBXFrameworksBuildPhase;
			buildActionMask = 2147483647;
			files = (
			);
			runOnlyForDeploymentPostprocessing = 0;
		};
		1A3F0C8324B580B300922950 /* Frameworks */ = {
			isa = PBXFrameworksBuildPhase;
			buildActionMask = 2147483647;
			files = (
			);
			runOnlyForDeploymentPostprocessing = 0;
		};
		1A3F0C8E24B580C300922950 /* Frameworks */ = {
			isa = PBXFrameworksBuildPhase;
			buildActionMask = 2147483647;
			files = (
			);
			runOnlyForDeploymentPostprocessing = 0;
		};
		1A596CA424B51EDB0034F99E /* Frameworks */ = {
			isa = PBXFrameworksBuildPhase;
			buildActionMask = 2147483647;
			files = (
			);
			runOnlyForDeploymentPostprocessing = 0;
		};
		1A7BD8DF24B5028500270598 /* Frameworks */ = {
			isa = PBXFrameworksBuildPhase;
			buildActionMask = 2147483647;
			files = (
			);
			runOnlyForDeploymentPostprocessing = 0;
		};
		1A97AED224B62F5200A8E6E8 /* Frameworks */ = {
			isa = PBXFrameworksBuildPhase;
			buildActionMask = 2147483647;
			files = (
			);
			runOnlyForDeploymentPostprocessing = 0;
		};
		1A97AEFE24B64B4A00A8E6E8 /* Frameworks */ = {
			isa = PBXFrameworksBuildPhase;
			buildActionMask = 2147483647;
			files = (
			);
			runOnlyForDeploymentPostprocessing = 0;
		};
		1A97AF0A24B65CBB00A8E6E8 /* Frameworks */ = {
			isa = PBXFrameworksBuildPhase;
			buildActionMask = 2147483647;
			files = (
			);
			runOnlyForDeploymentPostprocessing = 0;
		};
		1AA1762224B583440059530A /* Frameworks */ = {
			isa = PBXFrameworksBuildPhase;
			buildActionMask = 2147483647;
			files = (
			);
			runOnlyForDeploymentPostprocessing = 0;
		};
		1AA1762E24B58B3F0059530A /* Frameworks */ = {
			isa = PBXFrameworksBuildPhase;
			buildActionMask = 2147483647;
			files = (
			);
			runOnlyForDeploymentPostprocessing = 0;
		};
		1AB1A8AE24B4CF8500FD99A8 /* Frameworks */ = {
			isa = PBXFrameworksBuildPhase;
			buildActionMask = 2147483647;
			files = (
			);
			runOnlyForDeploymentPostprocessing = 0;
		};
		1AB1A8B924B4D27900FD99A8 /* Frameworks */ = {
			isa = PBXFrameworksBuildPhase;
			buildActionMask = 2147483647;
			files = (
			);
			runOnlyForDeploymentPostprocessing = 0;
		};
		1AB1A8C424B4E4C900FD99A8 /* Frameworks */ = {
			isa = PBXFrameworksBuildPhase;
			buildActionMask = 2147483647;
			files = (
			);
			runOnlyForDeploymentPostprocessing = 0;
		};
/* End PBXFrameworksBuildPhase section */

/* Begin PBXGroup section */
		1A3F0C6524B5258900922950 /* problem16 */ = {
			isa = PBXGroup;
			children = (
				1A3F0C6624B5258900922950 /* main.cpp */,
			);
			path = problem16;
			sourceTree = "<group>";
		};
		1A3F0C7024B530C700922950 /* problem17 */ = {
			isa = PBXGroup;
			children = (
				1A3F0C7124B530C700922950 /* main.cpp */,
			);
			path = problem17;
			sourceTree = "<group>";
		};
		1A3F0C8724B580B300922950 /* problem19 */ = {
			isa = PBXGroup;
			children = (
				1A3F0C8824B580B300922950 /* main.cpp */,
			);
			path = problem19;
			sourceTree = "<group>";
		};
		1A3F0C9224B580C300922950 /* problem18 */ = {
			isa = PBXGroup;
			children = (
				1A3F0C9324B580C300922950 /* main.cpp */,
				1A3F0C8124B5698D00922950 /* input.txt */,
			);
			path = problem18;
			sourceTree = "<group>";
		};
		1A596CA824B51EDB0034F99E /* problem15 */ = {
			isa = PBXGroup;
			children = (
				1A596CA924B51EDB0034F99E /* main.cpp */,
			);
			path = problem15;
			sourceTree = "<group>";
		};
		1A7BD8E324B5028500270598 /* problem14 */ = {
			isa = PBXGroup;
			children = (
				1A7BD8E424B5028500270598 /* main.cpp */,
			);
			path = problem14;
			sourceTree = "<group>";
		};
		1A97AED624B62F5200A8E6E8 /* problem21 */ = {
			isa = PBXGroup;
			children = (
				1A97AED724B62F5200A8E6E8 /* main.cpp */,
			);
			path = problem21;
			sourceTree = "<group>";
		};
		1A97AF0224B64B4A00A8E6E8 /* problem22 */ = {
			isa = PBXGroup;
			children = (
				1A97AF0824B64C1400A8E6E8 /* p022_names.txt */,
				1A97AF0324B64B4A00A8E6E8 /* main.cpp */,
			);
			path = problem22;
			sourceTree = "<group>";
		};
		1A97AF0E24B65CBB00A8E6E8 /* problem23 */ = {
			isa = PBXGroup;
			children = (
				1A97AF0F24B65CBB00A8E6E8 /* main.cpp */,
			);
			path = problem23;
			sourceTree = "<group>";
		};
		1AA1762624B583440059530A /* problem67 */ = {
			isa = PBXGroup;
			children = (
				1AA1762C24B5837D0059530A /* p067_triangle.txt */,
				1AA1762724B583440059530A /* main.cpp */,
			);
			path = problem67;
			sourceTree = "<group>";
		};
		1AA1763224B58B3F0059530A /* problem20 */ = {
			isa = PBXGroup;
			children = (
				1AA1763324B58B3F0059530A /* main.cpp */,
			);
			path = problem20;
			sourceTree = "<group>";
		};
		1AB1A8B224B4CF8500FD99A8 /* problem11 */ = {
			isa = PBXGroup;
			children = (
				1AB1A8B324B4CF8500FD99A8 /* main.cpp */,
				1ADA613B24B4F9B20002B500 /* input.txt */,
			);
			path = problem11;
			sourceTree = "<group>";
		};
		1AB1A8BD24B4D27900FD99A8 /* problem12 */ = {
			isa = PBXGroup;
			children = (
				1AB1A8BE24B4D27900FD99A8 /* main.cpp */,
			);
			path = problem12;
			sourceTree = "<group>";
		};
		1AB1A8C824B4E4C900FD99A8 /* problem13 */ = {
			isa = PBXGroup;
			children = (
				1AB1A8C924B4E4C900FD99A8 /* main.cpp */,
				1AB1A8CE24B4EA3500FD99A8 /* input.txt */,
			);
			path = problem13;
			sourceTree = "<group>";
		};
		1AED032324B2545300EB2183 = {
			isa = PBXGroup;
			children = (
				1AB1A8B224B4CF8500FD99A8 /* problem11 */,
				1AB1A8BD24B4D27900FD99A8 /* problem12 */,
				1AB1A8C824B4E4C900FD99A8 /* problem13 */,
				1A7BD8E324B5028500270598 /* problem14 */,
				1A596CA824B51EDB0034F99E /* problem15 */,
				1A3F0C6524B5258900922950 /* problem16 */,
				1A3F0C7024B530C700922950 /* problem17 */,
				1A3F0C9224B580C300922950 /* problem18 */,
				1A3F0C8724B580B300922950 /* problem19 */,
				1AA1763224B58B3F0059530A /* problem20 */,
				1A97AED624B62F5200A8E6E8 /* problem21 */,
				1AA1762624B583440059530A /* problem67 */,
				1A97AF0224B64B4A00A8E6E8 /* problem22 */,
				1A97AF0E24B65CBB00A8E6E8 /* problem23 */,
				1AED032D24B2545300EB2183 /* Products */,
			);
			sourceTree = "<group>";
			usesTabs = 1;
		};
		1AED032D24B2545300EB2183 /* Products */ = {
			isa = PBXGroup;
			children = (
				1AB1A8B124B4CF8500FD99A8 /* problem11 */,
				1AB1A8BC24B4D27900FD99A8 /* problem12 */,
				1AB1A8C724B4E4C900FD99A8 /* problem13 */,
				1A7BD8E224B5028500270598 /* problem14 */,
				1A596CA724B51EDB0034F99E /* problem15 */,
				1A3F0C6424B5258900922950 /* problem16 */,
				1A3F0C6F24B530C700922950 /* problem17 */,
				1A3F0C9124B580C300922950 /* problem18 */,
				1A3F0C8624B580B300922950 /* problem19 */,
				1AA1763124B58B3F0059530A /* problem20 */,
				1A97AED524B62F5200A8E6E8 /* problem21 */,
				1AA1762524B583440059530A /* problem67 */,
				1A97AF0124B64B4A00A8E6E8 /* problem22 */,
				1A97AF0D24B65CBB00A8E6E8 /* problem23 */,
			);
			name = Products;
			sourceTree = "<group>";
		};
/* End PBXGroup section */

/* Begin PBXNativeTarget section */
		1A3F0C6324B5258900922950 /* problem16 */ = {
			isa = PBXNativeTarget;
			buildConfigurationList = 1A3F0C6A24B5258900922950 /* Build configuration list for PBXNativeTarget "problem16" */;
			buildPhases = (
				1A3F0C6024B5258900922950 /* Sources */,
				1A3F0C6124B5258900922950 /* Frameworks */,
				1A3F0C6224B5258900922950 /* CopyFiles */,
			);
			buildRules = (
			);
			dependencies = (
			);
			name = problem16;
			productName = problem16;
			productReference = 1A3F0C6424B5258900922950 /* problem16 */;
			productType = "com.apple.product-type.tool";
		};
		1A3F0C6E24B530C700922950 /* problem17 */ = {
			isa = PBXNativeTarget;
			buildConfigurationList = 1A3F0C7324B530C700922950 /* Build configuration list for PBXNativeTarget "problem17" */;
			buildPhases = (
				1A3F0C6B24B530C700922950 /* Sources */,
				1A3F0C6C24B530C700922950 /* Frameworks */,
				1A3F0C6D24B530C700922950 /* CopyFiles */,
			);
			buildRules = (
			);
			dependencies = (
			);
			name = problem17;
			productName = problem17;
			productReference = 1A3F0C6F24B530C700922950 /* problem17 */;
			productType = "com.apple.product-type.tool";
		};
		1A3F0C8524B580B300922950 /* problem19 */ = {
			isa = PBXNativeTarget;
			buildConfigurationList = 1A3F0C8C24B580B300922950 /* Build configuration list for PBXNativeTarget "problem19" */;
			buildPhases = (
				1A3F0C8224B580B300922950 /* Sources */,
				1A3F0C8324B580B300922950 /* Frameworks */,
				1A3F0C8424B580B300922950 /* CopyFiles */,
			);
			buildRules = (
			);
			dependencies = (
			);
			name = problem19;
			productName = problem19;
			productReference = 1A3F0C8624B580B300922950 /* problem19 */;
			productType = "com.apple.product-type.tool";
		};
		1A3F0C9024B580C300922950 /* problem18 */ = {
			isa = PBXNativeTarget;
			buildConfigurationList = 1A3F0C9524B580C300922950 /* Build configuration list for PBXNativeTarget "problem18" */;
			buildPhases = (
				1A3F0C8D24B580C300922950 /* Sources */,
				1A3F0C8E24B580C300922950 /* Frameworks */,
				1A3F0C8F24B580C300922950 /* CopyFiles */,
			);
			buildRules = (
			);
			dependencies = (
			);
			name = problem18;
			productName = problem18;
			productReference = 1A3F0C9124B580C300922950 /* problem18 */;
			productType = "com.apple.product-type.tool";
		};
		1A596CA624B51EDB0034F99E /* problem15 */ = {
			isa = PBXNativeTarget;
			buildConfigurationList = 1A596CAD24B51EDB0034F99E /* Build configuration list for PBXNativeTarget "problem15" */;
			buildPhases = (
				1A596CA324B51EDB0034F99E /* Sources */,
				1A596CA424B51EDB0034F99E /* Frameworks */,
				1A596CA524B51EDB0034F99E /* CopyFiles */,
			);
			buildRules = (
			);
			dependencies = (
			);
			name = problem15;
			productName = problem15;
			productReference = 1A596CA724B51EDB0034F99E /* problem15 */;
			productType = "com.apple.product-type.tool";
		};
		1A7BD8E124B5028500270598 /* problem14 */ = {
			isa = PBXNativeTarget;
			buildConfigurationList = 1A7BD8E824B5028500270598 /* Build configuration list for PBXNativeTarget "problem14" */;
			buildPhases = (
				1A7BD8DE24B5028500270598 /* Sources */,
				1A7BD8DF24B5028500270598 /* Frameworks */,
				1A7BD8E024B5028500270598 /* CopyFiles */,
			);
			buildRules = (
			);
			dependencies = (
			);
			name = problem14;
			productName = problem14;
			productReference = 1A7BD8E224B5028500270598 /* problem14 */;
			productType = "com.apple.product-type.tool";
		};
		1A97AED424B62F5200A8E6E8 /* problem21 */ = {
			isa = PBXNativeTarget;
			buildConfigurationList = 1A97AEDB24B62F5200A8E6E8 /* Build configuration list for PBXNativeTarget "problem21" */;
			buildPhases = (
				1A97AED124B62F5200A8E6E8 /* Sources */,
				1A97AED224B62F5200A8E6E8 /* Frameworks */,
				1A97AED324B62F5200A8E6E8 /* CopyFiles */,
			);
			buildRules = (
			);
			dependencies = (
			);
			name = problem21;
			productName = problem21;
			productReference = 1A97AED524B62F5200A8E6E8 /* problem21 */;
			productType = "com.apple.product-type.tool";
		};
		1A97AF0024B64B4A00A8E6E8 /* problem22 */ = {
			isa = PBXNativeTarget;
			buildConfigurationList = 1A97AF0524B64B4A00A8E6E8 /* Build configuration list for PBXNativeTarget "problem22" */;
			buildPhases = (
				1A97AEFD24B64B4A00A8E6E8 /* Sources */,
				1A97AEFE24B64B4A00A8E6E8 /* Frameworks */,
				1A97AEFF24B64B4A00A8E6E8 /* CopyFiles */,
			);
			buildRules = (
			);
			dependencies = (
			);
			name = problem22;
			productName = problem22;
			productReference = 1A97AF0124B64B4A00A8E6E8 /* problem22 */;
			productType = "com.apple.product-type.tool";
		};
		1A97AF0C24B65CBB00A8E6E8 /* problem23 */ = {
			isa = PBXNativeTarget;
			buildConfigurationList = 1A97AF1124B65CBB00A8E6E8 /* Build configuration list for PBXNativeTarget "problem23" */;
			buildPhases = (
				1A97AF0924B65CBB00A8E6E8 /* Sources */,
				1A97AF0A24B65CBB00A8E6E8 /* Frameworks */,
				1A97AF0B24B65CBB00A8E6E8 /* CopyFiles */,
			);
			buildRules = (
			);
			dependencies = (
			);
			name = problem23;
			productName = problem23;
			productReference = 1A97AF0D24B65CBB00A8E6E8 /* problem23 */;
			productType = "com.apple.product-type.tool";
		};
		1AA1762424B583440059530A /* problem67 */ = {
			isa = PBXNativeTarget;
			buildConfigurationList = 1AA1762924B583440059530A /* Build configuration list for PBXNativeTarget "problem67" */;
			buildPhases = (
				1AA1762124B583440059530A /* Sources */,
				1AA1762224B583440059530A /* Frameworks */,
				1AA1762324B583440059530A /* CopyFiles */,
			);
			buildRules = (
			);
			dependencies = (
			);
			name = problem67;
			productName = problem67;
			productReference = 1AA1762524B583440059530A /* problem67 */;
			productType = "com.apple.product-type.tool";
		};
		1AA1763024B58B3F0059530A /* problem20 */ = {
			isa = PBXNativeTarget;
			buildConfigurationList = 1AA1763724B58B3F0059530A /* Build configuration list for PBXNativeTarget "problem20" */;
			buildPhases = (
				1AA1762D24B58B3F0059530A /* Sources */,
				1AA1762E24B58B3F0059530A /* Frameworks */,
				1AA1762F24B58B3F0059530A /* CopyFiles */,
			);
			buildRules = (
			);
			dependencies = (
			);
			name = problem20;
			productName = problem20;
			productReference = 1AA1763124B58B3F0059530A /* problem20 */;
			productType = "com.apple.product-type.tool";
		};
		1AB1A8B024B4CF8500FD99A8 /* problem11 */ = {
			isa = PBXNativeTarget;
			buildConfigurationList = 1AB1A8B524B4CF8500FD99A8 /* Build configuration list for PBXNativeTarget "problem11" */;
			buildPhases = (
				1AB1A8AD24B4CF8500FD99A8 /* Sources */,
				1AB1A8AE24B4CF8500FD99A8 /* Frameworks */,
				1AB1A8AF24B4CF8500FD99A8 /* CopyFiles */,
			);
			buildRules = (
			);
			dependencies = (
			);
			name = problem11;
			productName = problem11;
			productReference = 1AB1A8B124B4CF8500FD99A8 /* problem11 */;
			productType = "com.apple.product-type.tool";
		};
		1AB1A8BB24B4D27900FD99A8 /* problem12 */ = {
			isa = PBXNativeTarget;
			buildConfigurationList = 1AB1A8C024B4D27900FD99A8 /* Build configuration list for PBXNativeTarget "problem12" */;
			buildPhases = (
				1AB1A8B824B4D27900FD99A8 /* Sources */,
				1AB1A8B924B4D27900FD99A8 /* Frameworks */,
				1AB1A8BA24B4D27900FD99A8 /* CopyFiles */,
			);
			buildRules = (
			);
			dependencies = (
			);
			name = problem12;
			productName = problem12;
			productReference = 1AB1A8BC24B4D27900FD99A8 /* problem12 */;
			productType = "com.apple.product-type.tool";
		};
		1AB1A8C624B4E4C900FD99A8 /* problem13 */ = {
			isa = PBXNativeTarget;
			buildConfigurationList = 1AB1A8CB24B4E4C900FD99A8 /* Build configuration list for PBXNativeTarget "problem13" */;
			buildPhases = (
				1AB1A8C324B4E4C900FD99A8 /* Sources */,
				1AB1A8C424B4E4C900FD99A8 /* Frameworks */,
				1AB1A8C524B4E4C900FD99A8 /* CopyFiles */,
			);
			buildRules = (
			);
			dependencies = (
			);
			name = problem13;
			productName = problem13;
			productReference = 1AB1A8C724B4E4C900FD99A8 /* problem13 */;
			productType = "com.apple.product-type.tool";
		};
/* End PBXNativeTarget section */

/* Begin PBXProject section */
		1AED032424B2545300EB2183 /* Project object */ = {
			isa = PBXProject;
			attributes = {
				LastSwiftUpdateCheck = 1150;
				LastUpgradeCheck = 1150;
				ORGANIZATIONNAME = "James Chen";
				TargetAttributes = {
					1A3F0C6324B5258900922950 = {
						CreatedOnToolsVersion = 11.5;
					};
					1A3F0C6E24B530C700922950 = {
						CreatedOnToolsVersion = 11.5;
					};
					1A3F0C8524B580B300922950 = {
						CreatedOnToolsVersion = 11.5;
					};
					1A3F0C9024B580C300922950 = {
						CreatedOnToolsVersion = 11.5;
					};
					1A596CA624B51EDB0034F99E = {
						CreatedOnToolsVersion = 11.5;
					};
					1A7BD8E124B5028500270598 = {
						CreatedOnToolsVersion = 11.5;
					};
					1A97AED424B62F5200A8E6E8 = {
						CreatedOnToolsVersion = 11.5;
					};
					1A97AF0024B64B4A00A8E6E8 = {
						CreatedOnToolsVersion = 11.5;
					};
					1A97AF0C24B65CBB00A8E6E8 = {
						CreatedOnToolsVersion = 11.5;
					};
					1AA1762424B583440059530A = {
						CreatedOnToolsVersion = 11.5;
					};
					1AA1763024B58B3F0059530A = {
						CreatedOnToolsVersion = 11.5;
					};
					1AB1A8B024B4CF8500FD99A8 = {
						CreatedOnToolsVersion = 11.5;
					};
					1AB1A8BB24B4D27900FD99A8 = {
						CreatedOnToolsVersion = 11.5;
					};
					1AB1A8C624B4E4C900FD99A8 = {
						CreatedOnToolsVersion = 11.5;
					};
				};
			};
			buildConfigurationList = 1AED032724B2545300EB2183 /* Build configuration list for PBXProject "ProjectEuler" */;
			compatibilityVersion = "Xcode 9.3";
			developmentRegion = en;
			hasScannedForEncodings = 0;
			knownRegions = (
				en,
				Base,
			);
			mainGroup = 1AED032324B2545300EB2183;
			productRefGroup = 1AED032D24B2545300EB2183 /* Products */;
			projectDirPath = "";
			projectRoot = "";
			targets = (
				1AB1A8B024B4CF8500FD99A8 /* problem11 */,
				1AB1A8BB24B4D27900FD99A8 /* problem12 */,
				1AB1A8C624B4E4C900FD99A8 /* problem13 */,
				1A7BD8E124B5028500270598 /* problem14 */,
				1A596CA624B51EDB0034F99E /* problem15 */,
				1A3F0C6324B5258900922950 /* problem16 */,
				1A3F0C6E24B530C700922950 /* problem17 */,
				1A3F0C9024B580C300922950 /* problem18 */,
				1A3F0C8524B580B300922950 /* problem19 */,
				1AA1763024B58B3F0059530A /* problem20 */,
				1AA1762424B583440059530A /* problem67 */,
				1A97AED424B62F5200A8E6E8 /* problem21 */,
				1A97AF0024B64B4A00A8E6E8 /* problem22 */,
				1A97AF0C24B65CBB00A8E6E8 /* problem23 */,
			);
		};
/* End PBXProject section */

/* Begin PBXSourcesBuildPhase section */
		1A3F0C6024B5258900922950 /* Sources */ = {
			isa = PBXSourcesBuildPhase;
			buildActionMask = 2147483647;
			files = (
				1A3F0C6724B5258900922950 /* main.cpp in Sources */,
			);
			runOnlyForDeploymentPostprocessing = 0;
		};
		1A3F0C6B24B530C700922950 /* Sources */ = {
			isa = PBXSourcesBuildPhase;
			buildActionMask = 2147483647;
			files = (
				1A3F0C7224B530C700922950 /* main.cpp in Sources */,
			);
			runOnlyForDeploymentPostprocessing = 0;
		};
		1A3F0C8224B580B300922950 /* Sources */ = {
			isa = PBXSourcesBuildPhase;
			buildActionMask = 2147483647;
			files = (
				1A3F0C8924B580B300922950 /* main.cpp in Sources */,
			);
			runOnlyForDeploymentPostprocessing = 0;
		};
		1A3F0C8D24B580C300922950 /* Sources */ = {
			isa = PBXSourcesBuildPhase;
			buildActionMask = 2147483647;
			files = (
				1A3F0C9424B580C300922950 /* main.cpp in Sources */,
			);
			runOnlyForDeploymentPostprocessing = 0;
		};
		1A596CA324B51EDB0034F99E /* Sources */ = {
			isa = PBXSourcesBuildPhase;
			buildActionMask = 2147483647;
			files = (
				1A596CAA24B51EDB0034F99E /* main.cpp in Sources */,
			);
			runOnlyForDeploymentPostprocessing = 0;
		};
		1A7BD8DE24B5028500270598 /* Sources */ = {
			isa = PBXSourcesBuildPhase;
			buildActionMask = 2147483647;
			files = (
				1A7BD8E524B5028500270598 /* main.cpp in Sources */,
			);
			runOnlyForDeploymentPostprocessing = 0;
		};
		1A97AED124B62F5200A8E6E8 /* Sources */ = {
			isa = PBXSourcesBuildPhase;
			buildActionMask = 2147483647;
			files = (
				1A97AED824B62F5200A8E6E8 /* main.cpp in Sources */,
			);
			runOnlyForDeploymentPostprocessing = 0;
		};
		1A97AEFD24B64B4A00A8E6E8 /* Sources */ = {
			isa = PBXSourcesBuildPhase;
			buildActionMask = 2147483647;
			files = (
				1A97AF0424B64B4A00A8E6E8 /* main.cpp in Sources */,
			);
			runOnlyForDeploymentPostprocessing = 0;
		};
		1A97AF0924B65CBB00A8E6E8 /* Sources */ = {
			isa = PBXSourcesBuildPhase;
			buildActionMask = 2147483647;
			files = (
				1A97AF1024B65CBB00A8E6E8 /* main.cpp in Sources */,
			);
			runOnlyForDeploymentPostprocessing = 0;
		};
		1AA1762124B583440059530A /* Sources */ = {
			isa = PBXSourcesBuildPhase;
			buildActionMask = 2147483647;
			files = (
				1AA1762824B583440059530A /* main.cpp in Sources */,
			);
			runOnlyForDeploymentPostprocessing = 0;
		};
		1AA1762D24B58B3F0059530A /* Sources */ = {
			isa = PBXSourcesBuildPhase;
			buildActionMask = 2147483647;
			files = (
				1AA1763424B58B3F0059530A /* main.cpp in Sources */,
			);
			runOnlyForDeploymentPostprocessing = 0;
		};
		1AB1A8AD24B4CF8500FD99A8 /* Sources */ = {
			isa = PBXSourcesBuildPhase;
			buildActionMask = 2147483647;
			files = (
				1AB1A8B424B4CF8500FD99A8 /* main.cpp in Sources */,
			);
			runOnlyForDeploymentPostprocessing = 0;
		};
		1AB1A8B824B4D27900FD99A8 /* Sources */ = {
			isa = PBXSourcesBuildPhase;
			buildActionMask = 2147483647;
			files = (
				1AB1A8BF24B4D27900FD99A8 /* main.cpp in Sources */,
			);
			runOnlyForDeploymentPostprocessing = 0;
		};
		1AB1A8C324B4E4C900FD99A8 /* Sources */ = {
			isa = PBXSourcesBuildPhase;
			buildActionMask = 2147483647;
			files = (
				1AB1A8CA24B4E4C900FD99A8 /* main.cpp in Sources */,
			);
			runOnlyForDeploymentPostprocessing = 0;
		};
/* End PBXSourcesBuildPhase section */

/* Begin XCBuildConfiguration section */
		1A3F0C6824B5258900922950 /* Debug */ = {
			isa = XCBuildConfiguration;
			buildSettings = {
				CODE_SIGN_STYLE = Automatic;
				PRODUCT_NAME = "$(TARGET_NAME)";
			};
			name = Debug;
		};
		1A3F0C6924B5258900922950 /* Release */ = {
			isa = XCBuildConfiguration;
			buildSettings = {
				CODE_SIGN_STYLE = Automatic;
				PRODUCT_NAME = "$(TARGET_NAME)";
			};
			name = Release;
		};
		1A3F0C7424B530C700922950 /* Debug */ = {
			isa = XCBuildConfiguration;
			buildSettings = {
				CODE_SIGN_STYLE = Automatic;
				PRODUCT_NAME = "$(TARGET_NAME)";
			};
			name = Debug;
		};
		1A3F0C7524B530C700922950 /* Release */ = {
			isa = XCBuildConfiguration;
			buildSettings = {
				CODE_SIGN_STYLE = Automatic;
				PRODUCT_NAME = "$(TARGET_NAME)";
			};
			name = Release;
		};
		1A3F0C8A24B580B300922950 /* Debug */ = {
			isa = XCBuildConfiguration;
			buildSettings = {
				CODE_SIGN_STYLE = Automatic;
				PRODUCT_NAME = "$(TARGET_NAME)";
			};
			name = Debug;
		};
		1A3F0C8B24B580B300922950 /* Release */ = {
			isa = XCBuildConfiguration;
			buildSettings = {
				CODE_SIGN_STYLE = Automatic;
				PRODUCT_NAME = "$(TARGET_NAME)";
			};
			name = Release;
		};
		1A3F0C9624B580C300922950 /* Debug */ = {
			isa = XCBuildConfiguration;
			buildSettings = {
				CODE_SIGN_STYLE = Automatic;
				PRODUCT_NAME = "$(TARGET_NAME)";
			};
			name = Debug;
		};
		1A3F0C9724B580C300922950 /* Release */ = {
			isa = XCBuildConfiguration;
			buildSettings = {
				CODE_SIGN_STYLE = Automatic;
				PRODUCT_NAME = "$(TARGET_NAME)";
			};
			name = Release;
		};
		1A596CAB24B51EDB0034F99E /* Debug */ = {
			isa = XCBuildConfiguration;
			buildSettings = {
				CODE_SIGN_STYLE = Automatic;
				PRODUCT_NAME = "$(TARGET_NAME)";
			};
			name = Debug;
		};
		1A596CAC24B51EDB0034F99E /* Release */ = {
			isa = XCBuildConfiguration;
			buildSettings = {
				CODE_SIGN_STYLE = Automatic;
				PRODUCT_NAME = "$(TARGET_NAME)";
			};
			name = Release;
		};
		1A7BD8E624B5028500270598 /* Debug */ = {
			isa = XCBuildConfiguration;
			buildSettings = {
				CODE_SIGN_STYLE = Automatic;
				PRODUCT_NAME = "$(TARGET_NAME)";
			};
			name = Debug;
		};
		1A7BD8E724B5028500270598 /* Release */ = {
			isa = XCBuildConfiguration;
			buildSettings = {
				CODE_SIGN_STYLE = Automatic;
				PRODUCT_NAME = "$(TARGET_NAME)";
			};
			name = Release;
		};
		1A97AED924B62F5200A8E6E8 /* Debug */ = {
			isa = XCBuildConfiguration;
			buildSettings = {
				CODE_SIGN_STYLE = Automatic;
				PRODUCT_NAME = "$(TARGET_NAME)";
			};
			name = Debug;
		};
		1A97AEDA24B62F5200A8E6E8 /* Release */ = {
			isa = XCBuildConfiguration;
			buildSettings = {
				CODE_SIGN_STYLE = Automatic;
				PRODUCT_NAME = "$(TARGET_NAME)";
			};
			name = Release;
		};
		1A97AF0624B64B4A00A8E6E8 /* Debug */ = {
			isa = XCBuildConfiguration;
			buildSettings = {
				CODE_SIGN_STYLE = Automatic;
				PRODUCT_NAME = "$(TARGET_NAME)";
			};
			name = Debug;
		};
		1A97AF0724B64B4A00A8E6E8 /* Release */ = {
			isa = XCBuildConfiguration;
			buildSettings = {
				CODE_SIGN_STYLE = Automatic;
				PRODUCT_NAME = "$(TARGET_NAME)";
			};
			name = Release;
		};
		1A97AF1224B65CBB00A8E6E8 /* Debug */ = {
			isa = XCBuildConfiguration;
			buildSettings = {
				CODE_SIGN_STYLE = Automatic;
				PRODUCT_NAME = "$(TARGET_NAME)";
			};
			name = Debug;
		};
		1A97AF1324B65CBB00A8E6E8 /* Release */ = {
			isa = XCBuildConfiguration;
			buildSettings = {
				CODE_SIGN_STYLE = Automatic;
				PRODUCT_NAME = "$(TARGET_NAME)";
			};
			name = Release;
		};
		1AA1762A24B583440059530A /* Debug */ = {
			isa = XCBuildConfiguration;
			buildSettings = {
				CODE_SIGN_STYLE = Automatic;
				PRODUCT_NAME = "$(TARGET_NAME)";
			};
			name = Debug;
		};
		1AA1762B24B583440059530A /* Release */ = {
			isa = XCBuildConfiguration;
			buildSettings = {
				CODE_SIGN_STYLE = Automatic;
				PRODUCT_NAME = "$(TARGET_NAME)";
			};
			name = Release;
		};
		1AA1763524B58B3F0059530A /* Debug */ = {
			isa = XCBuildConfiguration;
			buildSettings = {
				CODE_SIGN_STYLE = Automatic;
				PRODUCT_NAME = "$(TARGET_NAME)";
			};
			name = Debug;
		};
		1AA1763624B58B3F0059530A /* Release */ = {
			isa = XCBuildConfiguration;
			buildSettings = {
				CODE_SIGN_STYLE = Automatic;
				PRODUCT_NAME = "$(TARGET_NAME)";
			};
			name = Release;
		};
		1AB1A8B624B4CF8500FD99A8 /* Debug */ = {
			isa = XCBuildConfiguration;
			buildSettings = {
				CODE_SIGN_STYLE = Automatic;
				DEVELOPMENT_ASSET_PATHS = "";
				PRODUCT_NAME = "$(TARGET_NAME)";
			};
			name = Debug;
		};
		1AB1A8B724B4CF8500FD99A8 /* Release */ = {
			isa = XCBuildConfiguration;
			buildSettings = {
				CODE_SIGN_STYLE = Automatic;
				DEVELOPMENT_ASSET_PATHS = "";
				PRODUCT_NAME = "$(TARGET_NAME)";
			};
			name = Release;
		};
		1AB1A8C124B4D27900FD99A8 /* Debug */ = {
			isa = XCBuildConfiguration;
			buildSettings = {
				CODE_SIGN_STYLE = Automatic;
				PRODUCT_NAME = "$(TARGET_NAME)";
			};
			name = Debug;
		};
		1AB1A8C224B4D27900FD99A8 /* Release */ = {
			isa = XCBuildConfiguration;
			buildSettings = {
				CODE_SIGN_STYLE = Automatic;
				PRODUCT_NAME = "$(TARGET_NAME)";
			};
			name = Release;
		};
		1AB1A8CC24B4E4C900FD99A8 /* Debug */ = {
			isa = XCBuildConfiguration;
			buildSettings = {
				CODE_SIGN_STYLE = Automatic;
				PRODUCT_NAME = "$(TARGET_NAME)";
			};
			name = Debug;
		};
		1AB1A8CD24B4E4C900FD99A8 /* Release */ = {
			isa = XCBuildConfiguration;
			buildSettings = {
				CODE_SIGN_STYLE = Automatic;
				PRODUCT_NAME = "$(TARGET_NAME)";
			};
			name = Release;
		};
		1AED033124B2545300EB2183 /* Debug */ = {
			isa = XCBuildConfiguration;
			buildSettings = {
				ALWAYS_SEARCH_USER_PATHS = NO;
				CLANG_ANALYZER_NONNULL = YES;
				CLANG_ANALYZER_NUMBER_OBJECT_CONVERSION = YES_AGGRESSIVE;
				CLANG_CXX_LANGUAGE_STANDARD = "gnu++14";
				CLANG_CXX_LIBRARY = "libc++";
				CLANG_ENABLE_MODULES = YES;
				CLANG_ENABLE_OBJC_ARC = YES;
				CLANG_ENABLE_OBJC_WEAK = YES;
				CLANG_WARN_BLOCK_CAPTURE_AUTORELEASING = YES;
				CLANG_WARN_BOOL_CONVERSION = YES;
				CLANG_WARN_COMMA = YES;
				CLANG_WARN_CONSTANT_CONVERSION = YES;
				CLANG_WARN_DEPRECATED_OBJC_IMPLEMENTATIONS = YES;
				CLANG_WARN_DIRECT_OBJC_ISA_USAGE = YES_ERROR;
				CLANG_WARN_DOCUMENTATION_COMMENTS = YES;
				CLANG_WARN_EMPTY_BODY = YES;
				CLANG_WARN_ENUM_CONVERSION = YES;
				CLANG_WARN_INFINITE_RECURSION = YES;
				CLANG_WARN_INT_CONVERSION = YES;
				CLANG_WARN_NON_LITERAL_NULL_CONVERSION = YES;
				CLANG_WARN_OBJC_IMPLICIT_RETAIN_SELF = YES;
				CLANG_WARN_OBJC_LITERAL_CONVERSION = YES;
				CLANG_WARN_OBJC_ROOT_CLASS = YES_ERROR;
				CLANG_WARN_RANGE_LOOP_ANALYSIS = YES;
				CLANG_WARN_STRICT_PROTOTYPES = YES;
				CLANG_WARN_SUSPICIOUS_MOVE = YES;
				CLANG_WARN_UNGUARDED_AVAILABILITY = YES_AGGRESSIVE;
				CLANG_WARN_UNREACHABLE_CODE = YES;
				CLANG_WARN__DUPLICATE_METHOD_MATCH = YES;
				COPY_PHASE_STRIP = NO;
				DEBUG_INFORMATION_FORMAT = dwarf;
				ENABLE_STRICT_OBJC_MSGSEND = YES;
				ENABLE_TESTABILITY = YES;
				GCC_C_LANGUAGE_STANDARD = gnu11;
				GCC_DYNAMIC_NO_PIC = NO;
				GCC_NO_COMMON_BLOCKS = YES;
				GCC_OPTIMIZATION_LEVEL = 0;
				GCC_PREPROCESSOR_DEFINITIONS = (
					"DEBUG=1",
					"$(inherited)",
				);
				GCC_WARN_64_TO_32_BIT_CONVERSION = YES;
				GCC_WARN_ABOUT_RETURN_TYPE = YES_ERROR;
				GCC_WARN_UNDECLARED_SELECTOR = YES;
				GCC_WARN_UNINITIALIZED_AUTOS = YES_AGGRESSIVE;
				GCC_WARN_UNUSED_FUNCTION = YES;
				GCC_WARN_UNUSED_VARIABLE = YES;
				MACOSX_DEPLOYMENT_TARGET = 10.15;
				MTL_ENABLE_DEBUG_INFO = INCLUDE_SOURCE;
				MTL_FAST_MATH = YES;
				ONLY_ACTIVE_ARCH = YES;
				SDKROOT = macosx;
			};
			name = Debug;
		};
		1AED033224B2545300EB2183 /* Release */ = {
			isa = XCBuildConfiguration;
			buildSettings = {
				ALWAYS_SEARCH_USER_PATHS = NO;
				CLANG_ANALYZER_NONNULL = YES;
				CLANG_ANALYZER_NUMBER_OBJECT_CONVERSION = YES_AGGRESSIVE;
				CLANG_CXX_LANGUAGE_STANDARD = "gnu++14";
				CLANG_CXX_LIBRARY = "libc++";
				CLANG_ENABLE_MODULES = YES;
				CLANG_ENABLE_OBJC_ARC = YES;
				CLANG_ENABLE_OBJC_WEAK = YES;
				CLANG_WARN_BLOCK_CAPTURE_AUTORELEASING = YES;
				CLANG_WARN_BOOL_CONVERSION = YES;
				CLANG_WARN_COMMA = YES;
				CLANG_WARN_CONSTANT_CONVERSION = YES;
				CLANG_WARN_DEPRECATED_OBJC_IMPLEMENTATIONS = YES;
				CLANG_WARN_DIRECT_OBJC_ISA_USAGE = YES_ERROR;
				CLANG_WARN_DOCUMENTATION_COMMENTS = YES;
				CLANG_WARN_EMPTY_BODY = YES;
				CLANG_WARN_ENUM_CONVERSION = YES;
				CLANG_WARN_INFINITE_RECURSION = YES;
				CLANG_WARN_INT_CONVERSION = YES;
				CLANG_WARN_NON_LITERAL_NULL_CONVERSION = YES;
				CLANG_WARN_OBJC_IMPLICIT_RETAIN_SELF = YES;
				CLANG_WARN_OBJC_LITERAL_CONVERSION = YES;
				CLANG_WARN_OBJC_ROOT_CLASS = YES_ERROR;
				CLANG_WARN_RANGE_LOOP_ANALYSIS = YES;
				CLANG_WARN_STRICT_PROTOTYPES = YES;
				CLANG_WARN_SUSPICIOUS_MOVE = YES;
				CLANG_WARN_UNGUARDED_AVAILABILITY = YES_AGGRESSIVE;
				CLANG_WARN_UNREACHABLE_CODE = YES;
				CLANG_WARN__DUPLICATE_METHOD_MATCH = YES;
				COPY_PHASE_STRIP = NO;
				DEBUG_INFORMATION_FORMAT = "dwarf-with-dsym";
				ENABLE_NS_ASSERTIONS = NO;
				ENABLE_STRICT_OBJC_MSGSEND = YES;
				GCC_C_LANGUAGE_STANDARD = gnu11;
				GCC_NO_COMMON_BLOCKS = YES;
				GCC_WARN_64_TO_32_BIT_CONVERSION = YES;
				GCC_WARN_ABOUT_RETURN_TYPE = YES_ERROR;
				GCC_WARN_UNDECLARED_SELECTOR = YES;
				GCC_WARN_UNINITIALIZED_AUTOS = YES_AGGRESSIVE;
				GCC_WARN_UNUSED_FUNCTION = YES;
				GCC_WARN_UNUSED_VARIABLE = YES;
				MACOSX_DEPLOYMENT_TARGET = 10.15;
				MTL_ENABLE_DEBUG_INFO = NO;
				MTL_FAST_MATH = YES;
				SDKROOT = macosx;
			};
			name = Release;
		};
/* End XCBuildConfiguration section */

/* Begin XCConfigurationList section */
		1A3F0C6A24B5258900922950 /* Build configuration list for PBXNativeTarget "problem16" */ = {
			isa = XCConfigurationList;
			buildConfigurations = (
				1A3F0C6824B5258900922950 /* Debug */,
				1A3F0C6924B5258900922950 /* Release */,
			);
			defaultConfigurationIsVisible = 0;
			defaultConfigurationName = Release;
		};
		1A3F0C7324B530C700922950 /* Build configuration list for PBXNativeTarget "problem17" */ = {
			isa = XCConfigurationList;
			buildConfigurations = (
				1A3F0C7424B530C700922950 /* Debug */,
				1A3F0C7524B530C700922950 /* Release */,
			);
			defaultConfigurationIsVisible = 0;
			defaultConfigurationName = Release;
		};
		1A3F0C8C24B580B300922950 /* Build configuration list for PBXNativeTarget "problem19" */ = {
			isa = XCConfigurationList;
			buildConfigurations = (
				1A3F0C8A24B580B300922950 /* Debug */,
				1A3F0C8B24B580B300922950 /* Release */,
			);
			defaultConfigurationIsVisible = 0;
			defaultConfigurationName = Release;
		};
		1A3F0C9524B580C300922950 /* Build configuration list for PBXNativeTarget "problem18" */ = {
			isa = XCConfigurationList;
			buildConfigurations = (
				1A3F0C9624B580C300922950 /* Debug */,
				1A3F0C9724B580C300922950 /* Release */,
			);
			defaultConfigurationIsVisible = 0;
			defaultConfigurationName = Release;
		};
		1A596CAD24B51EDB0034F99E /* Build configuration list for PBXNativeTarget "problem15" */ = {
			isa = XCConfigurationList;
			buildConfigurations = (
				1A596CAB24B51EDB0034F99E /* Debug */,
				1A596CAC24B51EDB0034F99E /* Release */,
			);
			defaultConfigurationIsVisible = 0;
			defaultConfigurationName = Release;
		};
		1A7BD8E824B5028500270598 /* Build configuration list for PBXNativeTarget "problem14" */ = {
			isa = XCConfigurationList;
			buildConfigurations = (
				1A7BD8E624B5028500270598 /* Debug */,
				1A7BD8E724B5028500270598 /* Release */,
			);
			defaultConfigurationIsVisible = 0;
			defaultConfigurationName = Release;
		};
		1A97AEDB24B62F5200A8E6E8 /* Build configuration list for PBXNativeTarget "problem21" */ = {
			isa = XCConfigurationList;
			buildConfigurations = (
				1A97AED924B62F5200A8E6E8 /* Debug */,
				1A97AEDA24B62F5200A8E6E8 /* Release */,
			);
			defaultConfigurationIsVisible = 0;
			defaultConfigurationName = Release;
		};
		1A97AF0524B64B4A00A8E6E8 /* Build configuration list for PBXNativeTarget "problem22" */ = {
			isa = XCConfigurationList;
			buildConfigurations = (
				1A97AF0624B64B4A00A8E6E8 /* Debug */,
				1A97AF0724B64B4A00A8E6E8 /* Release */,
			);
			defaultConfigurationIsVisible = 0;
			defaultConfigurationName = Release;
		};
		1A97AF1124B65CBB00A8E6E8 /* Build configuration list for PBXNativeTarget "problem23" */ = {
			isa = XCConfigurationList;
			buildConfigurations = (
				1A97AF1224B65CBB00A8E6E8 /* Debug */,
				1A97AF1324B65CBB00A8E6E8 /* Release */,
			);
			defaultConfigurationIsVisible = 0;
			defaultConfigurationName = Release;
		};
		1AA1762924B583440059530A /* Build configuration list for PBXNativeTarget "problem67" */ = {
			isa = XCConfigurationList;
			buildConfigurations = (
				1AA1762A24B583440059530A /* Debug */,
				1AA1762B24B583440059530A /* Release */,
			);
			defaultConfigurationIsVisible = 0;
			defaultConfigurationName = Release;
		};
		1AA1763724B58B3F0059530A /* Build configuration list for PBXNativeTarget "problem20" */ = {
			isa = XCConfigurationList;
			buildConfigurations = (
				1AA1763524B58B3F0059530A /* Debug */,
				1AA1763624B58B3F0059530A /* Release */,
			);
			defaultConfigurationIsVisible = 0;
			defaultConfigurationName = Release;
		};
		1AB1A8B524B4CF8500FD99A8 /* Build configuration list for PBXNativeTarget "problem11" */ = {
			isa = XCConfigurationList;
			buildConfigurations = (
				1AB1A8B624B4CF8500FD99A8 /* Debug */,
				1AB1A8B724B4CF8500FD99A8 /* Release */,
			);
			defaultConfigurationIsVisible = 0;
			defaultConfigurationName = Release;
		};
		1AB1A8C024B4D27900FD99A8 /* Build configuration list for PBXNativeTarget "problem12" */ = {
			isa = XCConfigurationList;
			buildConfigurations = (
				1AB1A8C124B4D27900FD99A8 /* Debug */,
				1AB1A8C224B4D27900FD99A8 /* Release */,
			);
			defaultConfigurationIsVisible = 0;
			defaultConfigurationName = Release;
		};
		1AB1A8CB24B4E4C900FD99A8 /* Build configuration list for PBXNativeTarget "problem13" */ = {
			isa = XCConfigurationList;
			buildConfigurations = (
				1AB1A8CC24B4E4C900FD99A8 /* Debug */,
				1AB1A8CD24B4E4C900FD99A8 /* Release */,
			);
			defaultConfigurationIsVisible = 0;
			defaultConfigurationName = Release;
		};
		1AED032724B2545300EB2183 /* Build configuration list for PBXProject "ProjectEuler" */ = {
			isa = XCConfigurationList;
			buildConfigurations = (
				1AED033124B2545300EB2183 /* Debug */,
				1AED033224B2545300EB2183 /* Release */,
			);
			defaultConfigurationIsVisible = 0;
			defaultConfigurationName = Release;
		};
/* End XCConfigurationList section */
	};
	rootObject = 1AED032424B2545300EB2183 /* Project object */;
}
